PATH
  remote: .
  specs:
    ask-opentelemetry (0.1.3)
      ask-instrumentation (>= 0.1)
      opentelemetry-api (~> 1.3)
      opentelemetry-sdk (~> 1.7)

GEM
  remote: https://rubygems.org/
  specs:
    activesupport (8.1.3)
      base64
      bigdecimal
      concurrent-ruby (~> 1.0, >= 1.3.1)
      connection_pool (>= 2.2.5)
      drb
      i18n (>= 1.6, < 2)
      json
      logger (>= 1.4.2)
      minitest (>= 5.1)
      securerandom (>= 0.3)
      tzinfo (~> 2.0, >= 2.0.5)
      uri (>= 0.13.1)
    ask-instrumentation (0.1.0)
      activesupport (>= 7.0)
    base64 (0.3.0)
    bigdecimal (4.1.2)
    concurrent-ruby (1.3.6)
    connection_pool (3.0.2)
    drb (2.2.3)
    i18n (1.14.8)
      concurrent-ruby (~> 1.0)
    json (2.19.8)
    logger (1.7.0)
    minitest (5.27.0)
    mocha (3.1.0)
      ruby2_keywords (>= 0.0.5)
    opentelemetry-api (1.10.0)
      logger
    opentelemetry-common (0.25.0)
      opentelemetry-api (~> 1.0)
    opentelemetry-registry (0.6.0)
      opentelemetry-api (~> 1.1)
    opentelemetry-sdk (1.12.0)
      logger
      opentelemetry-api (~> 1.1)
      opentelemetry-common (~> 0.20)
      opentelemetry-registry (~> 0.2)
      opentelemetry-semantic_conventions
    opentelemetry-semantic_conventions (1.40.0)
      opentelemetry-api (~> 1.0)
    rake (13.4.2)
    ruby2_keywords (0.0.5)
    securerandom (0.4.1)
    tzinfo (2.0.6)
      concurrent-ruby (~> 1.0)
    uri (1.1.1)

PLATFORMS
  arm64-darwin-24
  ruby

DEPENDENCIES
  ask-opentelemetry!
  minitest (~> 5.25)
  mocha (~> 3.1)
  rake (~> 13.0)

CHECKSUMS
  activesupport (8.1.3) sha256=21a5e0dfbd4c3ddd9e1317ec6a4d782fa226e7867dc70b0743acda81a1dca20e
  ask-instrumentation (0.1.0) sha256=220a37565d26a9deb381a41544374775b58b91de816e1c8390f0de0ba850ffc1
  ask-opentelemetry (0.1.3)
  base64 (0.3.0) sha256=27337aeabad6ffae05c265c450490628ef3ebd4b67be58257393227588f5a97b
  bigdecimal (4.1.2) sha256=53d217666027eab4280346fba98e7d5b66baaae1b9c3c1c0ffe89d48188a3fbd
  bundler (4.0.12) sha256=7f8b757d28dfb636e7b24fba2344ac6dd13b5b24f4b46d62573d483f211825ac
  concurrent-ruby (1.3.6) sha256=6b56837e1e7e5292f9864f34b69c5a2cbc75c0cf5338f1ce9903d10fa762d5ab
  connection_pool (3.0.2) sha256=33fff5ba71a12d2aa26cb72b1db8bba2a1a01823559fb01d29eb74c286e62e0a
  drb (2.2.3) sha256=0b00d6fdb50995fe4a45dea13663493c841112e4068656854646f418fda13373
  i18n (1.14.8) sha256=285778639134865c5e0f6269e0b818256017e8cde89993fdfcbfb64d088824a5
  json (2.19.8) sha256=6354310fd76ef69b87d5bd1f38b40d730613baf90b6803d2d0a48f618d32dfaa
  logger (1.7.0) sha256=196edec7cc44b66cfb40f9755ce11b392f21f7967696af15d274dde7edff0203
  minitest (5.27.0) sha256=2d3b17f8a36fe7801c1adcffdbc38233b938eb0b4966e97a6739055a45fa77d5
  mocha (3.1.0) sha256=75f42d69ebfb1f10b32489dff8f8431d37a418120ecdfc07afe3bc183d4e1d56
  opentelemetry-api (1.10.0) sha256=99ee7c829b18381c31a817ee9bf6a160d737542d99cb8da55d443336d266bfa9
  opentelemetry-common (0.25.0) sha256=73915362e58d337fc92acbe1abfdaee1f725442527125fdb2af1420417f1149d
  opentelemetry-registry (0.6.0) sha256=5d3ed32ab9eee0fbdb30d4f0d0bb61ad11a4040b267b475ae815b80a8498a728
  opentelemetry-sdk (1.12.0) sha256=a224abe0c59023d41cb7ac1c634d9d28843907efcd045ed1ae320796c48b864b
  opentelemetry-semantic_conventions (1.40.0) sha256=32839d4127102986447080098d1dbad9945d18ab96e9c8cb6657166baf64f441
  rake (13.4.2) sha256=cb825b2bd5f1f8e91ca37bddb4b9aaf345551b4731da62949be002fa89283701
  ruby2_keywords (0.0.5) sha256=ffd13740c573b7301cf7a2e61fc857b2a8e3d3aff32545d6f8300d8bae10e3ef
  securerandom (0.4.1) sha256=cc5193d414a4341b6e225f0cb4446aceca8e50d5e1888743fac16987638ea0b1
  tzinfo (2.0.6) sha256=8daf828cc77bcf7d63b0e3bdb6caa47e2272dcfaf4fbfe46f8c3a9df087a829b
  uri (1.1.1) sha256=379fa58d27ffb1387eaada68c749d1426738bd0f654d812fcc07e7568f5c57c6

BUNDLED WITH
  4.0.12
